
Microsoft Visual Studio Solution File, Format Version 12.00
# Visual Studio Version 17
VisualStudioVersion = 17.10.35027.167
MinimumVisualStudioVersion = 10.0.40219.1
Project("{FAE04EC0-301F-11D3-BF4B-00C04F79EFBC}") = "CipherCraft", "CipherCraft\CipherCraft.csproj", "{6BDF3090-8A41-4EA9-80FB-F8027CD670F5}"
EndProject
Global
	GlobalSection(SolutionConfigurationPlatforms) = preSolution
		Debug|Any CPU = Debug|Any CPU
		Release|Any CPU = Release|Any CPU
	EndGlobalSection
	GlobalSection(ProjectConfigurationPlatforms) = postSolution
		{6BDF3090-8A41-4EA9-80FB-F8027CD670F5}.Debug|Any CPU.ActiveCfg = Debug|Any CPU
		{6BDF3090-8A41-4EA9-80FB-F8027CD670F5}.Debug|Any CPU.Build.0 = Debug|Any CPU
		{6BDF3090-8A41-4EA9-80FB-F8027CD670F5}.Release|Any CPU.ActiveCfg = Release|Any CPU
		{6BDF3090-8A41-4EA9-80FB-F8027CD670F5}.Release|Any CPU.Build.0 = Release|Any CPU
	EndGlobalSection
	GlobalSection(SolutionProperties) = preSolution
		HideSolutionNode = FALSE
	EndGlobalSection
	GlobalSection(ExtensibilityGlobals) = postSolution
		SolutionGuid = {F510926D-8938-4019-B8B5-0E631FE20A4A}
	EndGlobalSection
EndGlobal
